
Microsoft Visual Studio Solution File, Format Version 12.00
# Visual Studio 15
VisualStudioVersion = 15.0.27130.2024
MinimumVisualStudioVersion = 10.0.40219.1
Project("{8BC9CEB8-8B4A-11D0-8D11-00A0C91BC942}") = "MoesherP_Pgm5", "MoesherP_Pgm5.vcxproj", "{A202F466-7AD9-4971-B3F9-0722425B3F71}"
EndProject
Global
	GlobalSection(SolutionConfigurationPlatforms) = preSolution
		Debug|x64 = Debug|x64
		Debug|x86 = Debug|x86
		Release|x64 = Release|x64
		Release|x86 = Release|x86
	EndGlobalSection
	GlobalSection(ProjectConfigurationPlatforms) = postSolution
		{A202F466-7AD9-4971-B3F9-0722425B3F71}.Debug|x64.ActiveCfg = Debug|x64
		{A202F466-7AD9-4971-B3F9-0722425B3F71}.Debug|x64.Build.0 = Debug|x64
		{A202F466-7AD9-4971-B3F9-0722425B3F71}.Debug|x86.ActiveCfg = Debug|Win32
		{A202F466-7AD9-4971-B3F9-0722425B3F71}.Debug|x86.Build.0 = Debug|Win32
		{A202F466-7AD9-4971-B3F9-0722425B3F71}.Release|x64.ActiveCfg = Release|x64
		{A202F466-7AD9-4971-B3F9-0722425B3F71}.Release|x64.Build.0 = Release|x64
		{A202F466-7AD9-4971-B3F9-0722425B3F71}.Release|x86.ActiveCfg = Release|Win32
		{A202F466-7AD9-4971-B3F9-0722425B3F71}.Release|x86.Build.0 = Release|Win32
	EndGlobalSection
	GlobalSection(SolutionProperties) = preSolution
		HideSolutionNode = FALSE
	EndGlobalSection
	GlobalSection(ExtensibilityGlobals) = postSolution
		SolutionGuid = {F5F57708-E1E3-4C55-8A51-196944ABD0E5}
	EndGlobalSection
EndGlobal
